
Microsoft Visual Studio Solution File, Format Version 12.00
# Visual Studio Version 17
VisualStudioVersion = 17.7.34031.279
MinimumVisualStudioVersion = 10.0.40219.1
Project("{FAE04EC0-301F-11D3-BF4B-00C04F79EFBC}") = "SignofIntegerNumbers", "ConsoleApp1\SignofIntegerNumbers.csproj", "{109A0228-2662-4A2D-BFFC-8C319C157EE4}"
EndProject
Project("{FAE04EC0-301F-11D3-BF4B-00C04F79EFBC}") = "Grades", "Grades\Grades.csproj", "{52F3F784-78A9-46A2-9CD6-12A62C3A0417}"
EndProject
Project("{FAE04EC0-301F-11D3-BF4B-00C04F79EFBC}") = "Calculations", "Calculations\Calculations.csproj", "{9C5F2380-D899-4343-8073-0E035D75400F}"
EndProject
Global
	GlobalSection(SolutionConfigurationPlatforms) = preSolution
		Debug|Any CPU = Debug|Any CPU
		Release|Any CPU = Release|Any CPU
	EndGlobalSection
	GlobalSection(ProjectConfigurationPlatforms) = postSolution
		{109A0228-2662-4A2D-BFFC-8C319C157EE4}.Debug|Any CPU.ActiveCfg = Debug|Any CPU
		{109A0228-2662-4A2D-BFFC-8C319C157EE4}.Debug|Any CPU.Build.0 = Debug|Any CPU
		{109A0228-2662-4A2D-BFFC-8C319C157EE4}.Release|Any CPU.ActiveCfg = Release|Any CPU
		{109A0228-2662-4A2D-BFFC-8C319C157EE4}.Release|Any CPU.Build.0 = Release|Any CPU
		{52F3F784-78A9-46A2-9CD6-12A62C3A0417}.Debug|Any CPU.ActiveCfg = Debug|Any CPU
		{52F3F784-78A9-46A2-9CD6-12A62C3A0417}.Debug|Any CPU.Build.0 = Debug|Any CPU
		{52F3F784-78A9-46A2-9CD6-12A62C3A0417}.Release|Any CPU.ActiveCfg = Release|Any CPU
		{52F3F784-78A9-46A2-9CD6-12A62C3A0417}.Release|Any CPU.Build.0 = Release|Any CPU
		{9C5F2380-D899-4343-8073-0E035D75400F}.Debug|Any CPU.ActiveCfg = Debug|Any CPU
		{9C5F2380-D899-4343-8073-0E035D75400F}.Debug|Any CPU.Build.0 = Debug|Any CPU
		{9C5F2380-D899-4343-8073-0E035D75400F}.Release|Any CPU.ActiveCfg = Release|Any CPU
		{9C5F2380-D899-4343-8073-0E035D75400F}.Release|Any CPU.Build.0 = Release|Any CPU
	EndGlobalSection
	GlobalSection(SolutionProperties) = preSolution
		HideSolutionNode = FALSE
	EndGlobalSection
	GlobalSection(ExtensibilityGlobals) = postSolution
		SolutionGuid = {69C1BA4B-30CB-49DC-A8F2-BDA11C432D9C}
	EndGlobalSection
EndGlobal
