
Microsoft Visual Studio Solution File, Format Version 12.00
# Visual Studio Version 17
VisualStudioVersion = 17.7.34031.279
MinimumVisualStudioVersion = 10.0.40219.1
Project("{9A19103F-16F7-4668-BE54-9A1E7A4F7556}") = "Ages", "Ages\Ages.csproj", "{D703A0C6-251E-4DB8-9238-21774F31B701}"
EndProject
Project("{9A19103F-16F7-4668-BE54-9A1E7A4F7556}") = "Division", "Division\Division.csproj", "{803E4512-2FBC-4AC9-9D43-C3C7EFC92861}"
EndProject
Project("{9A19103F-16F7-4668-BE54-9A1E7A4F7556}") = "Vacation", "Vacation\Vacation.csproj", "{F0E1EFB3-68F4-461D-B0CC-F75B268E2F2E}"
EndProject
Project("{9A19103F-16F7-4668-BE54-9A1E7A4F7556}") = "Printandsum", "Printandsum\Printandsum.csproj", "{15673547-A93A-4634-9663-EC3FB535E5F5}"
EndProject
Project("{9A19103F-16F7-4668-BE54-9A1E7A4F7556}") = "Login", "Login\Login.csproj", "{66CB576D-7363-4937-B2EE-8FEF701B4140}"
EndProject
Project("{9A19103F-16F7-4668-BE54-9A1E7A4F7556}") = "Strongnumber", "Strongnumber\Strongnumber.csproj", "{9CDC606A-7C4C-4DAC-B99C-DA224F27A0C5}"
EndProject
Project("{9A19103F-16F7-4668-BE54-9A1E7A4F7556}") = "VendingMachine", "VendingMachine\VendingMachine.csproj", "{1F3814AB-472A-4F66-BAC3-21AEC400F101}"
EndProject
Project("{9A19103F-16F7-4668-BE54-9A1E7A4F7556}") = "TriangleofNumbers", "TriangleofNumbers\TriangleofNumbers.csproj", "{9D2B88E8-553D-4EDA-9383-58B89F5CB4E7}"
EndProject
Project("{9A19103F-16F7-4668-BE54-9A1E7A4F7556}") = "PadawanEquipment", "PadawanEquipment\PadawanEquipment.csproj", "{9F00D9F2-680B-4E26-8649-A335A95A4346}"
EndProject
Project("{9A19103F-16F7-4668-BE54-9A1E7A4F7556}") = "RageExpenses", "RageExpenses\RageExpenses.csproj", "{1B441323-5724-4F91-8AA3-3F632415BDDB}"
EndProject
Project("{9A19103F-16F7-4668-BE54-9A1E7A4F7556}") = "Orders", "Orders\Orders.csproj", "{9F1D21BA-65DD-4417-AA2E-284C398B662D}"
EndProject
Project("{FAE04EC0-301F-11D3-BF4B-00C04F79EFBC}") = "SortNumbers", "SortNumbers\SortNumbers.csproj", "{1E5C4493-541B-4949-B028-42CCF7143C16}"
EndProject
Project("{FAE04EC0-301F-11D3-BF4B-00C04F79EFBC}") = "EnglishNameoftheLastDigit", "EnglishNameoftheLastDigit\EnglishNameoftheLastDigit.csproj", "{0AF5CC89-B0D2-4614-930E-93D8BED67214}"
EndProject
Project("{FAE04EC0-301F-11D3-BF4B-00C04F79EFBC}") = "GamingStore", "GamingStore\GamingStore.csproj", "{E1426D36-5215-4E3E-BDB8-9965641FCE82}"
EndProject
Project("{FAE04EC0-301F-11D3-BF4B-00C04F79EFBC}") = "ReverseString", "ReverseString\ReverseString.csproj", "{A767617A-D25F-4FEF-8F68-FEA92E16DA21}"
EndProject
Project("{FAE04EC0-301F-11D3-BF4B-00C04F79EFBC}") = "Messages", "Messages\Messages.csproj", "{68365647-1F17-47A6-B7D5-B25E23EE39DA}"
EndProject
Global
	GlobalSection(SolutionConfigurationPlatforms) = preSolution
		Debug|Any CPU = Debug|Any CPU
		Release|Any CPU = Release|Any CPU
	EndGlobalSection
	GlobalSection(ProjectConfigurationPlatforms) = postSolution
		{D703A0C6-251E-4DB8-9238-21774F31B701}.Debug|Any CPU.ActiveCfg = Debug|Any CPU
		{D703A0C6-251E-4DB8-9238-21774F31B701}.Debug|Any CPU.Build.0 = Debug|Any CPU
		{D703A0C6-251E-4DB8-9238-21774F31B701}.Release|Any CPU.ActiveCfg = Release|Any CPU
		{D703A0C6-251E-4DB8-9238-21774F31B701}.Release|Any CPU.Build.0 = Release|Any CPU
		{803E4512-2FBC-4AC9-9D43-C3C7EFC92861}.Debug|Any CPU.ActiveCfg = Debug|Any CPU
		{803E4512-2FBC-4AC9-9D43-C3C7EFC92861}.Debug|Any CPU.Build.0 = Debug|Any CPU
		{803E4512-2FBC-4AC9-9D43-C3C7EFC92861}.Release|Any CPU.ActiveCfg = Release|Any CPU
		{803E4512-2FBC-4AC9-9D43-C3C7EFC92861}.Release|Any CPU.Build.0 = Release|Any CPU
		{F0E1EFB3-68F4-461D-B0CC-F75B268E2F2E}.Debug|Any CPU.ActiveCfg = Debug|Any CPU
		{F0E1EFB3-68F4-461D-B0CC-F75B268E2F2E}.Debug|Any CPU.Build.0 = Debug|Any CPU
		{F0E1EFB3-68F4-461D-B0CC-F75B268E2F2E}.Release|Any CPU.ActiveCfg = Release|Any CPU
		{F0E1EFB3-68F4-461D-B0CC-F75B268E2F2E}.Release|Any CPU.Build.0 = Release|Any CPU
		{15673547-A93A-4634-9663-EC3FB535E5F5}.Debug|Any CPU.ActiveCfg = Debug|Any CPU
		{15673547-A93A-4634-9663-EC3FB535E5F5}.Debug|Any CPU.Build.0 = Debug|Any CPU
		{15673547-A93A-4634-9663-EC3FB535E5F5}.Release|Any CPU.ActiveCfg = Release|Any CPU
		{15673547-A93A-4634-9663-EC3FB535E5F5}.Release|Any CPU.Build.0 = Release|Any CPU
		{66CB576D-7363-4937-B2EE-8FEF701B4140}.Debug|Any CPU.ActiveCfg = Debug|Any CPU
		{66CB576D-7363-4937-B2EE-8FEF701B4140}.Debug|Any CPU.Build.0 = Debug|Any CPU
		{66CB576D-7363-4937-B2EE-8FEF701B4140}.Release|Any CPU.ActiveCfg = Release|Any CPU
		{66CB576D-7363-4937-B2EE-8FEF701B4140}.Release|Any CPU.Build.0 = Release|Any CPU
		{9CDC606A-7C4C-4DAC-B99C-DA224F27A0C5}.Debug|Any CPU.ActiveCfg = Debug|Any CPU
		{9CDC606A-7C4C-4DAC-B99C-DA224F27A0C5}.Debug|Any CPU.Build.0 = Debug|Any CPU
		{9CDC606A-7C4C-4DAC-B99C-DA224F27A0C5}.Release|Any CPU.ActiveCfg = Release|Any CPU
		{9CDC606A-7C4C-4DAC-B99C-DA224F27A0C5}.Release|Any CPU.Build.0 = Release|Any CPU
		{1F3814AB-472A-4F66-BAC3-21AEC400F101}.Debug|Any CPU.ActiveCfg = Debug|Any CPU
		{1F3814AB-472A-4F66-BAC3-21AEC400F101}.Debug|Any CPU.Build.0 = Debug|Any CPU
		{1F3814AB-472A-4F66-BAC3-21AEC400F101}.Release|Any CPU.ActiveCfg = Release|Any CPU
		{1F3814AB-472A-4F66-BAC3-21AEC400F101}.Release|Any CPU.Build.0 = Release|Any CPU
		{9D2B88E8-553D-4EDA-9383-58B89F5CB4E7}.Debug|Any CPU.ActiveCfg = Debug|Any CPU
		{9D2B88E8-553D-4EDA-9383-58B89F5CB4E7}.Debug|Any CPU.Build.0 = Debug|Any CPU
		{9D2B88E8-553D-4EDA-9383-58B89F5CB4E7}.Release|Any CPU.ActiveCfg = Release|Any CPU
		{9D2B88E8-553D-4EDA-9383-58B89F5CB4E7}.Release|Any CPU.Build.0 = Release|Any CPU
		{9F00D9F2-680B-4E26-8649-A335A95A4346}.Debug|Any CPU.ActiveCfg = Debug|Any CPU
		{9F00D9F2-680B-4E26-8649-A335A95A4346}.Debug|Any CPU.Build.0 = Debug|Any CPU
		{9F00D9F2-680B-4E26-8649-A335A95A4346}.Release|Any CPU.ActiveCfg = Release|Any CPU
		{9F00D9F2-680B-4E26-8649-A335A95A4346}.Release|Any CPU.Build.0 = Release|Any CPU
		{1B441323-5724-4F91-8AA3-3F632415BDDB}.Debug|Any CPU.ActiveCfg = Debug|Any CPU
		{1B441323-5724-4F91-8AA3-3F632415BDDB}.Debug|Any CPU.Build.0 = Debug|Any CPU
		{1B441323-5724-4F91-8AA3-3F632415BDDB}.Release|Any CPU.ActiveCfg = Release|Any CPU
		{1B441323-5724-4F91-8AA3-3F632415BDDB}.Release|Any CPU.Build.0 = Release|Any CPU
		{9F1D21BA-65DD-4417-AA2E-284C398B662D}.Debug|Any CPU.ActiveCfg = Debug|Any CPU
		{9F1D21BA-65DD-4417-AA2E-284C398B662D}.Debug|Any CPU.Build.0 = Debug|Any CPU
		{9F1D21BA-65DD-4417-AA2E-284C398B662D}.Release|Any CPU.ActiveCfg = Release|Any CPU
		{9F1D21BA-65DD-4417-AA2E-284C398B662D}.Release|Any CPU.Build.0 = Release|Any CPU
		{1E5C4493-541B-4949-B028-42CCF7143C16}.Debug|Any CPU.ActiveCfg = Debug|Any CPU
		{1E5C4493-541B-4949-B028-42CCF7143C16}.Debug|Any CPU.Build.0 = Debug|Any CPU
		{1E5C4493-541B-4949-B028-42CCF7143C16}.Release|Any CPU.ActiveCfg = Release|Any CPU
		{1E5C4493-541B-4949-B028-42CCF7143C16}.Release|Any CPU.Build.0 = Release|Any CPU
		{0AF5CC89-B0D2-4614-930E-93D8BED67214}.Debug|Any CPU.ActiveCfg = Debug|Any CPU
		{0AF5CC89-B0D2-4614-930E-93D8BED67214}.Debug|Any CPU.Build.0 = Debug|Any CPU
		{0AF5CC89-B0D2-4614-930E-93D8BED67214}.Release|Any CPU.ActiveCfg = Release|Any CPU
		{0AF5CC89-B0D2-4614-930E-93D8BED67214}.Release|Any CPU.Build.0 = Release|Any CPU
		{E1426D36-5215-4E3E-BDB8-9965641FCE82}.Debug|Any CPU.ActiveCfg = Debug|Any CPU
		{E1426D36-5215-4E3E-BDB8-9965641FCE82}.Debug|Any CPU.Build.0 = Debug|Any CPU
		{E1426D36-5215-4E3E-BDB8-9965641FCE82}.Release|Any CPU.ActiveCfg = Release|Any CPU
		{E1426D36-5215-4E3E-BDB8-9965641FCE82}.Release|Any CPU.Build.0 = Release|Any CPU
		{A767617A-D25F-4FEF-8F68-FEA92E16DA21}.Debug|Any CPU.ActiveCfg = Debug|Any CPU
		{A767617A-D25F-4FEF-8F68-FEA92E16DA21}.Debug|Any CPU.Build.0 = Debug|Any CPU
		{A767617A-D25F-4FEF-8F68-FEA92E16DA21}.Release|Any CPU.ActiveCfg = Release|Any CPU
		{A767617A-D25F-4FEF-8F68-FEA92E16DA21}.Release|Any CPU.Build.0 = Release|Any CPU
		{68365647-1F17-47A6-B7D5-B25E23EE39DA}.Debug|Any CPU.ActiveCfg = Debug|Any CPU
		{68365647-1F17-47A6-B7D5-B25E23EE39DA}.Debug|Any CPU.Build.0 = Debug|Any CPU
		{68365647-1F17-47A6-B7D5-B25E23EE39DA}.Release|Any CPU.ActiveCfg = Release|Any CPU
		{68365647-1F17-47A6-B7D5-B25E23EE39DA}.Release|Any CPU.Build.0 = Release|Any CPU
	EndGlobalSection
	GlobalSection(SolutionProperties) = preSolution
		HideSolutionNode = FALSE
	EndGlobalSection
	GlobalSection(ExtensibilityGlobals) = postSolution
		SolutionGuid = {88E820F4-B8F7-4A4D-B60F-A0066D900A02}
	EndGlobalSection
EndGlobal
