
Microsoft Visual Studio Solution File, Format Version 12.00
# Visual Studio Version 17
VisualStudioVersion = 17.8.34525.116
MinimumVisualStudioVersion = 10.0.40219.1
Project("{FAE04EC0-301F-11D3-BF4B-00C04F79EFBC}") = "ExtractPersonInformation", "ExtractPersonInformation\ExtractPersonInformation.csproj", "{9E0C760C-15F1-4AF9-800A-7AEB8AF6D28F}"
EndProject
Project("{FAE04EC0-301F-11D3-BF4B-00C04F79EFBC}") = "AsciiSumator", "AsciiSumator\AsciiSumator.csproj", "{851DBFCC-14C4-47D1-BB90-1DB0CEADE8FB}"
EndProject
Global
	GlobalSection(SolutionConfigurationPlatforms) = preSolution
		Debug|Any CPU = Debug|Any CPU
		Release|Any CPU = Release|Any CPU
	EndGlobalSection
	GlobalSection(ProjectConfigurationPlatforms) = postSolution
		{9E0C760C-15F1-4AF9-800A-7AEB8AF6D28F}.Debug|Any CPU.ActiveCfg = Debug|Any CPU
		{9E0C760C-15F1-4AF9-800A-7AEB8AF6D28F}.Debug|Any CPU.Build.0 = Debug|Any CPU
		{9E0C760C-15F1-4AF9-800A-7AEB8AF6D28F}.Release|Any CPU.ActiveCfg = Release|Any CPU
		{9E0C760C-15F1-4AF9-800A-7AEB8AF6D28F}.Release|Any CPU.Build.0 = Release|Any CPU
		{851DBFCC-14C4-47D1-BB90-1DB0CEADE8FB}.Debug|Any CPU.ActiveCfg = Debug|Any CPU
		{851DBFCC-14C4-47D1-BB90-1DB0CEADE8FB}.Debug|Any CPU.Build.0 = Debug|Any CPU
		{851DBFCC-14C4-47D1-BB90-1DB0CEADE8FB}.Release|Any CPU.ActiveCfg = Release|Any CPU
		{851DBFCC-14C4-47D1-BB90-1DB0CEADE8FB}.Release|Any CPU.Build.0 = Release|Any CPU
	EndGlobalSection
	GlobalSection(SolutionProperties) = preSolution
		HideSolutionNode = FALSE
	EndGlobalSection
	GlobalSection(ExtensibilityGlobals) = postSolution
		SolutionGuid = {587E765A-7A3E-4A42-8A52-BE598D94E078}
	EndGlobalSection
EndGlobal
