
Microsoft Visual Studio Solution File, Format Version 12.00
# Visual Studio Version 17
VisualStudioVersion = 17.4.33213.308
MinimumVisualStudioVersion = 10.0.40219.1
Project("{9A19103F-16F7-4668-BE54-9A1E7A4F7556}") = "HelloSoftUni", "HelloSoftUni\HelloSoftUni.csproj", "{CD47891F-CC2A-4FF8-9B9A-847E5342AC50}"
EndProject
Project("{9A19103F-16F7-4668-BE54-9A1E7A4F7556}") = "Nums1to10", "Nums1to10\Nums1to10.csproj", "{EC2AC15D-0F9E-4CF0-9676-0E63756F954C}"
EndProject
Project("{FAE04EC0-301F-11D3-BF4B-00C04F79EFBC}") = "RectangleArea", "RectangleArea\RectangleArea.csproj", "{9D022934-3B84-40FF-8F03-8A1A0884DE5C}"
EndProject
Project("{FAE04EC0-301F-11D3-BF4B-00C04F79EFBC}") = "InchestoCentimeters", "InchestoCentimeters\InchestoCentimeters.csproj", "{A5846730-F56A-4420-9704-9B69E9295CCA}"
EndProject
Project("{FAE04EC0-301F-11D3-BF4B-00C04F79EFBC}") = "GreetingbyName", "GreetingbyName\GreetingbyName.csproj", "{4433907D-590A-45A0-8F0A-615C4A8D2C9A}"
EndProject
Project("{FAE04EC0-301F-11D3-BF4B-00C04F79EFBC}") = "ConcatenateData", "ConcatenateData\ConcatenateData.csproj", "{83431399-3065-4692-BAA5-D24A2D2D25E1}"
EndProject
Project("{FAE04EC0-301F-11D3-BF4B-00C04F79EFBC}") = "ProjectsCreation", "ProjectsCreation\ProjectsCreation.csproj", "{89776A8C-39BF-4445-8A53-A56FD05D1F8B}"
EndProject
Project("{FAE04EC0-301F-11D3-BF4B-00C04F79EFBC}") = "PetShop", "PetShop\PetShop.csproj", "{ED25EEFE-F50D-4936-92E5-E45BCBEFFFEA}"
EndProject
Project("{FAE04EC0-301F-11D3-BF4B-00C04F79EFBC}") = "YardGreening", "YardGreening\YardGreening.csproj", "{49EFA3E9-1178-4C46-8CAC-FDF8017E82A5}"
EndProject
Global
	GlobalSection(SolutionConfigurationPlatforms) = preSolution
		Debug|Any CPU = Debug|Any CPU
		Release|Any CPU = Release|Any CPU
	EndGlobalSection
	GlobalSection(ProjectConfigurationPlatforms) = postSolution
		{CD47891F-CC2A-4FF8-9B9A-847E5342AC50}.Debug|Any CPU.ActiveCfg = Debug|Any CPU
		{CD47891F-CC2A-4FF8-9B9A-847E5342AC50}.Debug|Any CPU.Build.0 = Debug|Any CPU
		{CD47891F-CC2A-4FF8-9B9A-847E5342AC50}.Release|Any CPU.ActiveCfg = Release|Any CPU
		{CD47891F-CC2A-4FF8-9B9A-847E5342AC50}.Release|Any CPU.Build.0 = Release|Any CPU
		{EC2AC15D-0F9E-4CF0-9676-0E63756F954C}.Debug|Any CPU.ActiveCfg = Debug|Any CPU
		{EC2AC15D-0F9E-4CF0-9676-0E63756F954C}.Debug|Any CPU.Build.0 = Debug|Any CPU
		{EC2AC15D-0F9E-4CF0-9676-0E63756F954C}.Release|Any CPU.ActiveCfg = Release|Any CPU
		{EC2AC15D-0F9E-4CF0-9676-0E63756F954C}.Release|Any CPU.Build.0 = Release|Any CPU
		{9D022934-3B84-40FF-8F03-8A1A0884DE5C}.Debug|Any CPU.ActiveCfg = Debug|Any CPU
		{9D022934-3B84-40FF-8F03-8A1A0884DE5C}.Debug|Any CPU.Build.0 = Debug|Any CPU
		{9D022934-3B84-40FF-8F03-8A1A0884DE5C}.Release|Any CPU.ActiveCfg = Release|Any CPU
		{9D022934-3B84-40FF-8F03-8A1A0884DE5C}.Release|Any CPU.Build.0 = Release|Any CPU
		{A5846730-F56A-4420-9704-9B69E9295CCA}.Debug|Any CPU.ActiveCfg = Debug|Any CPU
		{A5846730-F56A-4420-9704-9B69E9295CCA}.Debug|Any CPU.Build.0 = Debug|Any CPU
		{A5846730-F56A-4420-9704-9B69E9295CCA}.Release|Any CPU.ActiveCfg = Release|Any CPU
		{A5846730-F56A-4420-9704-9B69E9295CCA}.Release|Any CPU.Build.0 = Release|Any CPU
		{4433907D-590A-45A0-8F0A-615C4A8D2C9A}.Debug|Any CPU.ActiveCfg = Debug|Any CPU
		{4433907D-590A-45A0-8F0A-615C4A8D2C9A}.Debug|Any CPU.Build.0 = Debug|Any CPU
		{4433907D-590A-45A0-8F0A-615C4A8D2C9A}.Release|Any CPU.ActiveCfg = Release|Any CPU
		{4433907D-590A-45A0-8F0A-615C4A8D2C9A}.Release|Any CPU.Build.0 = Release|Any CPU
		{83431399-3065-4692-BAA5-D24A2D2D25E1}.Debug|Any CPU.ActiveCfg = Debug|Any CPU
		{83431399-3065-4692-BAA5-D24A2D2D25E1}.Debug|Any CPU.Build.0 = Debug|Any CPU
		{83431399-3065-4692-BAA5-D24A2D2D25E1}.Release|Any CPU.ActiveCfg = Release|Any CPU
		{83431399-3065-4692-BAA5-D24A2D2D25E1}.Release|Any CPU.Build.0 = Release|Any CPU
		{89776A8C-39BF-4445-8A53-A56FD05D1F8B}.Debug|Any CPU.ActiveCfg = Debug|Any CPU
		{89776A8C-39BF-4445-8A53-A56FD05D1F8B}.Debug|Any CPU.Build.0 = Debug|Any CPU
		{89776A8C-39BF-4445-8A53-A56FD05D1F8B}.Release|Any CPU.ActiveCfg = Release|Any CPU
		{89776A8C-39BF-4445-8A53-A56FD05D1F8B}.Release|Any CPU.Build.0 = Release|Any CPU
		{ED25EEFE-F50D-4936-92E5-E45BCBEFFFEA}.Debug|Any CPU.ActiveCfg = Debug|Any CPU
		{ED25EEFE-F50D-4936-92E5-E45BCBEFFFEA}.Debug|Any CPU.Build.0 = Debug|Any CPU
		{ED25EEFE-F50D-4936-92E5-E45BCBEFFFEA}.Release|Any CPU.ActiveCfg = Release|Any CPU
		{ED25EEFE-F50D-4936-92E5-E45BCBEFFFEA}.Release|Any CPU.Build.0 = Release|Any CPU
		{49EFA3E9-1178-4C46-8CAC-FDF8017E82A5}.Debug|Any CPU.ActiveCfg = Debug|Any CPU
		{49EFA3E9-1178-4C46-8CAC-FDF8017E82A5}.Debug|Any CPU.Build.0 = Debug|Any CPU
		{49EFA3E9-1178-4C46-8CAC-FDF8017E82A5}.Release|Any CPU.ActiveCfg = Release|Any CPU
		{49EFA3E9-1178-4C46-8CAC-FDF8017E82A5}.Release|Any CPU.Build.0 = Release|Any CPU
	EndGlobalSection
	GlobalSection(SolutionProperties) = preSolution
		HideSolutionNode = FALSE
	EndGlobalSection
	GlobalSection(ExtensibilityGlobals) = postSolution
		SolutionGuid = {7FF30357-0DA2-4770-84EE-35FE09A1401A}
	EndGlobalSection
EndGlobal
