
Microsoft Visual Studio Solution File, Format Version 12.00
# Visual Studio Version 17
VisualStudioVersion = 17.8.34316.72
MinimumVisualStudioVersion = 10.0.40219.1
Project("{9A19103F-16F7-4668-BE54-9A1E7A4F7556}") = "AdvertisementMessage", "AdvertisementMessage\AdvertisementMessage.csproj", "{9C5E789E-C4E8-4045-9A40-FDA12962A4D1}"
EndProject
Project("{9A19103F-16F7-4668-BE54-9A1E7A4F7556}") = "Articles", "Articles\Articles.csproj", "{35843170-857D-41B6-BA40-6B9CFE4210E4}"
EndProject
Project("{9A19103F-16F7-4668-BE54-9A1E7A4F7556}") = "Articles2", "Articles2\Articles2.csproj", "{AFE9D3BF-C205-4B5B-A13A-336D6B0238E3}"
EndProject
Project("{9A19103F-16F7-4668-BE54-9A1E7A4F7556}") = "Students", "Students\Students.csproj", "{CB53FCDC-D995-40FA-B204-30DBA9EE33C6}"
EndProject
Project("{9A19103F-16F7-4668-BE54-9A1E7A4F7556}") = "TeamworkProjects", "TeamworkProjects\TeamworkProjects.csproj", "{BD202078-FC8D-4A26-BF36-0CA481F4B1C5}"
EndProject
Project("{FAE04EC0-301F-11D3-BF4B-00C04F79EFBC}") = "VehicleCatalogue", "VehicleCatalogue\VehicleCatalogue.csproj", "{01A1B6D0-3201-403F-A9FB-A0C9DDEDCCE6}"
EndProject
Project("{FAE04EC0-301F-11D3-BF4B-00C04F79EFBC}") = "OrderbyAge", "OrderbyAge\OrderbyAge.csproj", "{D080CC57-45A6-4EC2-8904-DB4419F33520}"
EndProject
Global
	GlobalSection(SolutionConfigurationPlatforms) = preSolution
		Debug|Any CPU = Debug|Any CPU
		Release|Any CPU = Release|Any CPU
	EndGlobalSection
	GlobalSection(ProjectConfigurationPlatforms) = postSolution
		{9C5E789E-C4E8-4045-9A40-FDA12962A4D1}.Debug|Any CPU.ActiveCfg = Debug|Any CPU
		{9C5E789E-C4E8-4045-9A40-FDA12962A4D1}.Debug|Any CPU.Build.0 = Debug|Any CPU
		{9C5E789E-C4E8-4045-9A40-FDA12962A4D1}.Release|Any CPU.ActiveCfg = Release|Any CPU
		{9C5E789E-C4E8-4045-9A40-FDA12962A4D1}.Release|Any CPU.Build.0 = Release|Any CPU
		{35843170-857D-41B6-BA40-6B9CFE4210E4}.Debug|Any CPU.ActiveCfg = Debug|Any CPU
		{35843170-857D-41B6-BA40-6B9CFE4210E4}.Debug|Any CPU.Build.0 = Debug|Any CPU
		{35843170-857D-41B6-BA40-6B9CFE4210E4}.Release|Any CPU.ActiveCfg = Release|Any CPU
		{35843170-857D-41B6-BA40-6B9CFE4210E4}.Release|Any CPU.Build.0 = Release|Any CPU
		{AFE9D3BF-C205-4B5B-A13A-336D6B0238E3}.Debug|Any CPU.ActiveCfg = Debug|Any CPU
		{AFE9D3BF-C205-4B5B-A13A-336D6B0238E3}.Debug|Any CPU.Build.0 = Debug|Any CPU
		{AFE9D3BF-C205-4B5B-A13A-336D6B0238E3}.Release|Any CPU.ActiveCfg = Release|Any CPU
		{AFE9D3BF-C205-4B5B-A13A-336D6B0238E3}.Release|Any CPU.Build.0 = Release|Any CPU
		{CB53FCDC-D995-40FA-B204-30DBA9EE33C6}.Debug|Any CPU.ActiveCfg = Debug|Any CPU
		{CB53FCDC-D995-40FA-B204-30DBA9EE33C6}.Debug|Any CPU.Build.0 = Debug|Any CPU
		{CB53FCDC-D995-40FA-B204-30DBA9EE33C6}.Release|Any CPU.ActiveCfg = Release|Any CPU
		{CB53FCDC-D995-40FA-B204-30DBA9EE33C6}.Release|Any CPU.Build.0 = Release|Any CPU
		{BD202078-FC8D-4A26-BF36-0CA481F4B1C5}.Debug|Any CPU.ActiveCfg = Debug|Any CPU
		{BD202078-FC8D-4A26-BF36-0CA481F4B1C5}.Debug|Any CPU.Build.0 = Debug|Any CPU
		{BD202078-FC8D-4A26-BF36-0CA481F4B1C5}.Release|Any CPU.ActiveCfg = Release|Any CPU
		{BD202078-FC8D-4A26-BF36-0CA481F4B1C5}.Release|Any CPU.Build.0 = Release|Any CPU
		{01A1B6D0-3201-403F-A9FB-A0C9DDEDCCE6}.Debug|Any CPU.ActiveCfg = Debug|Any CPU
		{01A1B6D0-3201-403F-A9FB-A0C9DDEDCCE6}.Debug|Any CPU.Build.0 = Debug|Any CPU
		{01A1B6D0-3201-403F-A9FB-A0C9DDEDCCE6}.Release|Any CPU.ActiveCfg = Release|Any CPU
		{01A1B6D0-3201-403F-A9FB-A0C9DDEDCCE6}.Release|Any CPU.Build.0 = Release|Any CPU
		{D080CC57-45A6-4EC2-8904-DB4419F33520}.Debug|Any CPU.ActiveCfg = Debug|Any CPU
		{D080CC57-45A6-4EC2-8904-DB4419F33520}.Debug|Any CPU.Build.0 = Debug|Any CPU
		{D080CC57-45A6-4EC2-8904-DB4419F33520}.Release|Any CPU.ActiveCfg = Release|Any CPU
		{D080CC57-45A6-4EC2-8904-DB4419F33520}.Release|Any CPU.Build.0 = Release|Any CPU
	EndGlobalSection
	GlobalSection(SolutionProperties) = preSolution
		HideSolutionNode = FALSE
	EndGlobalSection
	GlobalSection(ExtensibilityGlobals) = postSolution
		SolutionGuid = {9A994EFD-0066-4B99-9ED1-A882AEC52CEF}
	EndGlobalSection
EndGlobal
