
Microsoft Visual Studio Solution File, Format Version 12.00
# Visual Studio Version 17
VisualStudioVersion = 17.7.34031.279
MinimumVisualStudioVersion = 10.0.40219.1
Project("{9A19103F-16F7-4668-BE54-9A1E7A4F7556}") = "TempleofDoom", "TempleofDoom\TempleofDoom.csproj", "{6FEFACEA-B111-4A69-9846-9E7B3D3E8452}"
EndProject
Project("{9A19103F-16F7-4668-BE54-9A1E7A4F7556}") = "MouseInTheKitchen", "MouseInTheKitchen\MouseInTheKitchen.csproj", "{2C0312CB-E08B-424F-92E3-E3C8AD0D467C}"
EndProject
Project("{FAE04EC0-301F-11D3-BF4B-00C04F79EFBC}") = "AutomotiveRepairShop", "AutomotiveRepairShop\AutomotiveRepairShop.csproj", "{E6A65142-86FB-4B0A-83D4-5A22300829F8}"
EndProject
Global
	GlobalSection(SolutionConfigurationPlatforms) = preSolution
		Debug|Any CPU = Debug|Any CPU
		Release|Any CPU = Release|Any CPU
	EndGlobalSection
	GlobalSection(ProjectConfigurationPlatforms) = postSolution
		{6FEFACEA-B111-4A69-9846-9E7B3D3E8452}.Debug|Any CPU.ActiveCfg = Debug|Any CPU
		{6FEFACEA-B111-4A69-9846-9E7B3D3E8452}.Debug|Any CPU.Build.0 = Debug|Any CPU
		{6FEFACEA-B111-4A69-9846-9E7B3D3E8452}.Release|Any CPU.ActiveCfg = Release|Any CPU
		{6FEFACEA-B111-4A69-9846-9E7B3D3E8452}.Release|Any CPU.Build.0 = Release|Any CPU
		{2C0312CB-E08B-424F-92E3-E3C8AD0D467C}.Debug|Any CPU.ActiveCfg = Debug|Any CPU
		{2C0312CB-E08B-424F-92E3-E3C8AD0D467C}.Debug|Any CPU.Build.0 = Debug|Any CPU
		{2C0312CB-E08B-424F-92E3-E3C8AD0D467C}.Release|Any CPU.ActiveCfg = Release|Any CPU
		{2C0312CB-E08B-424F-92E3-E3C8AD0D467C}.Release|Any CPU.Build.0 = Release|Any CPU
		{E6A65142-86FB-4B0A-83D4-5A22300829F8}.Debug|Any CPU.ActiveCfg = Debug|Any CPU
		{E6A65142-86FB-4B0A-83D4-5A22300829F8}.Debug|Any CPU.Build.0 = Debug|Any CPU
		{E6A65142-86FB-4B0A-83D4-5A22300829F8}.Release|Any CPU.ActiveCfg = Release|Any CPU
		{E6A65142-86FB-4B0A-83D4-5A22300829F8}.Release|Any CPU.Build.0 = Release|Any CPU
	EndGlobalSection
	GlobalSection(SolutionProperties) = preSolution
		HideSolutionNode = FALSE
	EndGlobalSection
	GlobalSection(ExtensibilityGlobals) = postSolution
		SolutionGuid = {3126B80B-8DFE-44E6-B279-C2D09300D3B1}
	EndGlobalSection
EndGlobal
