
Microsoft Visual Studio Solution File, Format Version 12.00
# Visual Studio Version 17
VisualStudioVersion = 17.9.34607.119
MinimumVisualStudioVersion = 10.0.40219.1
Project("{FAE04EC0-301F-11D3-BF4B-00C04F79EFBC}") = "MatchFullName", "MatchFullName\MatchFullName.csproj", "{2ABE068D-AF86-4EBD-A125-0476F055218B}"
EndProject
Project("{FAE04EC0-301F-11D3-BF4B-00C04F79EFBC}") = "MatchPhoneNumber", "MatchPhoneNumber\MatchPhoneNumber.csproj", "{75C37BEE-57AC-4A83-86EF-B740BC11A774}"
EndProject
Global
	GlobalSection(SolutionConfigurationPlatforms) = preSolution
		Debug|Any CPU = Debug|Any CPU
		Release|Any CPU = Release|Any CPU
	EndGlobalSection
	GlobalSection(ProjectConfigurationPlatforms) = postSolution
		{2ABE068D-AF86-4EBD-A125-0476F055218B}.Debug|Any CPU.ActiveCfg = Debug|Any CPU
		{2ABE068D-AF86-4EBD-A125-0476F055218B}.Debug|Any CPU.Build.0 = Debug|Any CPU
		{2ABE068D-AF86-4EBD-A125-0476F055218B}.Release|Any CPU.ActiveCfg = Release|Any CPU
		{2ABE068D-AF86-4EBD-A125-0476F055218B}.Release|Any CPU.Build.0 = Release|Any CPU
		{75C37BEE-57AC-4A83-86EF-B740BC11A774}.Debug|Any CPU.ActiveCfg = Debug|Any CPU
		{75C37BEE-57AC-4A83-86EF-B740BC11A774}.Debug|Any CPU.Build.0 = Debug|Any CPU
		{75C37BEE-57AC-4A83-86EF-B740BC11A774}.Release|Any CPU.ActiveCfg = Release|Any CPU
		{75C37BEE-57AC-4A83-86EF-B740BC11A774}.Release|Any CPU.Build.0 = Release|Any CPU
	EndGlobalSection
	GlobalSection(SolutionProperties) = preSolution
		HideSolutionNode = FALSE
	EndGlobalSection
	GlobalSection(ExtensibilityGlobals) = postSolution
		SolutionGuid = {89817B52-1BDB-421E-BFE8-E8AC87C15A74}
	EndGlobalSection
EndGlobal
