
Microsoft Visual Studio Solution File, Format Version 12.00
# Visual Studio Version 17
VisualStudioVersion = 17.7.34031.279
MinimumVisualStudioVersion = 10.0.40219.1
Project("{FAE04EC0-301F-11D3-BF4B-00C04F79EFBC}") = "BoxOfT", "Box\BoxOfT.csproj", "{8446AA89-F55D-4CC3-AC38-664ADEF2481C}"
EndProject
Project("{FAE04EC0-301F-11D3-BF4B-00C04F79EFBC}") = "GenericArrayCreator", "ArrayCreator\GenericArrayCreator.csproj", "{2E38544B-B004-43A1-896C-9D2599082D70}"
EndProject
Project("{FAE04EC0-301F-11D3-BF4B-00C04F79EFBC}") = "GenericScale", "GenericScale\GenericScale.csproj", "{7BD5AA9B-4B18-45BA-BF90-B2744FC4F712}"
EndProject
Global
	GlobalSection(SolutionConfigurationPlatforms) = preSolution
		Debug|Any CPU = Debug|Any CPU
		Release|Any CPU = Release|Any CPU
	EndGlobalSection
	GlobalSection(ProjectConfigurationPlatforms) = postSolution
		{8446AA89-F55D-4CC3-AC38-664ADEF2481C}.Debug|Any CPU.ActiveCfg = Debug|Any CPU
		{8446AA89-F55D-4CC3-AC38-664ADEF2481C}.Debug|Any CPU.Build.0 = Debug|Any CPU
		{8446AA89-F55D-4CC3-AC38-664ADEF2481C}.Release|Any CPU.ActiveCfg = Release|Any CPU
		{8446AA89-F55D-4CC3-AC38-664ADEF2481C}.Release|Any CPU.Build.0 = Release|Any CPU
		{2E38544B-B004-43A1-896C-9D2599082D70}.Debug|Any CPU.ActiveCfg = Debug|Any CPU
		{2E38544B-B004-43A1-896C-9D2599082D70}.Debug|Any CPU.Build.0 = Debug|Any CPU
		{2E38544B-B004-43A1-896C-9D2599082D70}.Release|Any CPU.ActiveCfg = Release|Any CPU
		{2E38544B-B004-43A1-896C-9D2599082D70}.Release|Any CPU.Build.0 = Release|Any CPU
		{7BD5AA9B-4B18-45BA-BF90-B2744FC4F712}.Debug|Any CPU.ActiveCfg = Debug|Any CPU
		{7BD5AA9B-4B18-45BA-BF90-B2744FC4F712}.Debug|Any CPU.Build.0 = Debug|Any CPU
		{7BD5AA9B-4B18-45BA-BF90-B2744FC4F712}.Release|Any CPU.ActiveCfg = Release|Any CPU
		{7BD5AA9B-4B18-45BA-BF90-B2744FC4F712}.Release|Any CPU.Build.0 = Release|Any CPU
	EndGlobalSection
	GlobalSection(SolutionProperties) = preSolution
		HideSolutionNode = FALSE
	EndGlobalSection
	GlobalSection(ExtensibilityGlobals) = postSolution
		SolutionGuid = {A56180A4-21A6-4AA7-BBB3-F6ACE253467E}
	EndGlobalSection
EndGlobal
