
Microsoft Visual Studio Solution File, Format Version 12.00
# Visual Studio Version 17
VisualStudioVersion = 17.7.34031.279
MinimumVisualStudioVersion = 10.0.40219.1
Project("{9A19103F-16F7-4668-BE54-9A1E7A4F7556}") = "Train", "Train\Train.csproj", "{CC25ABFE-4B03-4F7D-A3F8-3BF706003348}"
EndProject
Project("{9A19103F-16F7-4668-BE54-9A1E7A4F7556}") = "CommonElements", "CommonElements\CommonElements.csproj", "{B4250C30-E942-41CA-A69B-4CCE6F53C0E9}"
EndProject
Project("{9A19103F-16F7-4668-BE54-9A1E7A4F7556}") = "ZigZagArrays", "ZigZagArrays\ZigZagArrays.csproj", "{2AA8E4D0-3820-4FAB-AAA9-43BE761F421E}"
EndProject
Project("{9A19103F-16F7-4668-BE54-9A1E7A4F7556}") = "ArrayRotation", "ArrayRotation\ArrayRotation.csproj", "{C6589787-E533-44F5-B9C1-65FE8FCA78E9}"
EndProject
Project("{9A19103F-16F7-4668-BE54-9A1E7A4F7556}") = "TopIntegers", "TopIntegers\TopIntegers.csproj", "{173BA912-71BC-445E-98E6-5AB100D25AE3}"
EndProject
Project("{9A19103F-16F7-4668-BE54-9A1E7A4F7556}") = "EqualSum", "EqualSum\EqualSum.csproj", "{A06CACDB-2C09-4DE3-B991-4B43C48F2CBF}"
EndProject
Project("{9A19103F-16F7-4668-BE54-9A1E7A4F7556}") = "MaxSequenceofEqualElements", "MaxSequenceofEqualElements\MaxSequenceofEqualElements.csproj", "{DB19C30F-9330-40BD-885E-AF5536D5B8AC}"
EndProject
Project("{9A19103F-16F7-4668-BE54-9A1E7A4F7556}") = "MagicSum", "MagicSum\MagicSum.csproj", "{4E48A851-CE19-43A9-AAFB-F96BF2D8768A}"
EndProject
Project("{9A19103F-16F7-4668-BE54-9A1E7A4F7556}") = "KaminoFactory", "KaminoFactory\KaminoFactory.csproj", "{CDED1D7A-72FA-44F3-B55C-0D1430FF2E65}"
EndProject
Project("{9A19103F-16F7-4668-BE54-9A1E7A4F7556}") = "LadyBugs", "LadyBugs\LadyBugs.csproj", "{6DA398AC-CE70-450A-B3E4-C5F92EEE0B9E}"
EndProject
Project("{9A19103F-16F7-4668-BE54-9A1E7A4F7556}") = "EncryptSortandPrintArray", "EncryptSortandPrintArray\EncryptSortandPrintArray.csproj", "{F737E36C-9A61-494F-A239-E5706A48BB9A}"
EndProject
Project("{9A19103F-16F7-4668-BE54-9A1E7A4F7556}") = "PascalTriangle", "PascalTriangle\PascalTriangle.csproj", "{2A50370E-7B83-4339-AA06-D92686ABB14C}"
EndProject
Project("{FAE04EC0-301F-11D3-BF4B-00C04F79EFBC}") = "RecursiveFibonacci", "RecursiveFibonacci\RecursiveFibonacci.csproj", "{1CF8069B-D2FA-41D8-B359-13CF51E6EDBC}"
EndProject
Project("{FAE04EC0-301F-11D3-BF4B-00C04F79EFBC}") = "FoldandSum", "FoldandSum\FoldandSum.csproj", "{83077A72-8FEF-4809-B078-625E978C90B1}"
EndProject
Project("{FAE04EC0-301F-11D3-BF4B-00C04F79EFBC}") = "LongestIncreasingSubsequence", "LongestIncreasingSubsequence\LongestIncreasingSubsequence.csproj", "{EC22993B-CA86-4E85-B0DE-D8EB3A5A182E}"
EndProject
Global
	GlobalSection(SolutionConfigurationPlatforms) = preSolution
		Debug|Any CPU = Debug|Any CPU
		Release|Any CPU = Release|Any CPU
	EndGlobalSection
	GlobalSection(ProjectConfigurationPlatforms) = postSolution
		{CC25ABFE-4B03-4F7D-A3F8-3BF706003348}.Debug|Any CPU.ActiveCfg = Debug|Any CPU
		{CC25ABFE-4B03-4F7D-A3F8-3BF706003348}.Debug|Any CPU.Build.0 = Debug|Any CPU
		{CC25ABFE-4B03-4F7D-A3F8-3BF706003348}.Release|Any CPU.ActiveCfg = Release|Any CPU
		{CC25ABFE-4B03-4F7D-A3F8-3BF706003348}.Release|Any CPU.Build.0 = Release|Any CPU
		{B4250C30-E942-41CA-A69B-4CCE6F53C0E9}.Debug|Any CPU.ActiveCfg = Debug|Any CPU
		{B4250C30-E942-41CA-A69B-4CCE6F53C0E9}.Debug|Any CPU.Build.0 = Debug|Any CPU
		{B4250C30-E942-41CA-A69B-4CCE6F53C0E9}.Release|Any CPU.ActiveCfg = Release|Any CPU
		{B4250C30-E942-41CA-A69B-4CCE6F53C0E9}.Release|Any CPU.Build.0 = Release|Any CPU
		{2AA8E4D0-3820-4FAB-AAA9-43BE761F421E}.Debug|Any CPU.ActiveCfg = Debug|Any CPU
		{2AA8E4D0-3820-4FAB-AAA9-43BE761F421E}.Debug|Any CPU.Build.0 = Debug|Any CPU
		{2AA8E4D0-3820-4FAB-AAA9-43BE761F421E}.Release|Any CPU.ActiveCfg = Release|Any CPU
		{2AA8E4D0-3820-4FAB-AAA9-43BE761F421E}.Release|Any CPU.Build.0 = Release|Any CPU
		{C6589787-E533-44F5-B9C1-65FE8FCA78E9}.Debug|Any CPU.ActiveCfg = Debug|Any CPU
		{C6589787-E533-44F5-B9C1-65FE8FCA78E9}.Debug|Any CPU.Build.0 = Debug|Any CPU
		{C6589787-E533-44F5-B9C1-65FE8FCA78E9}.Release|Any CPU.ActiveCfg = Release|Any CPU
		{C6589787-E533-44F5-B9C1-65FE8FCA78E9}.Release|Any CPU.Build.0 = Release|Any CPU
		{173BA912-71BC-445E-98E6-5AB100D25AE3}.Debug|Any CPU.ActiveCfg = Debug|Any CPU
		{173BA912-71BC-445E-98E6-5AB100D25AE3}.Debug|Any CPU.Build.0 = Debug|Any CPU
		{173BA912-71BC-445E-98E6-5AB100D25AE3}.Release|Any CPU.ActiveCfg = Release|Any CPU
		{173BA912-71BC-445E-98E6-5AB100D25AE3}.Release|Any CPU.Build.0 = Release|Any CPU
		{A06CACDB-2C09-4DE3-B991-4B43C48F2CBF}.Debug|Any CPU.ActiveCfg = Debug|Any CPU
		{A06CACDB-2C09-4DE3-B991-4B43C48F2CBF}.Debug|Any CPU.Build.0 = Debug|Any CPU
		{A06CACDB-2C09-4DE3-B991-4B43C48F2CBF}.Release|Any CPU.ActiveCfg = Release|Any CPU
		{A06CACDB-2C09-4DE3-B991-4B43C48F2CBF}.Release|Any CPU.Build.0 = Release|Any CPU
		{DB19C30F-9330-40BD-885E-AF5536D5B8AC}.Debug|Any CPU.ActiveCfg = Debug|Any CPU
		{DB19C30F-9330-40BD-885E-AF5536D5B8AC}.Debug|Any CPU.Build.0 = Debug|Any CPU
		{DB19C30F-9330-40BD-885E-AF5536D5B8AC}.Release|Any CPU.ActiveCfg = Release|Any CPU
		{DB19C30F-9330-40BD-885E-AF5536D5B8AC}.Release|Any CPU.Build.0 = Release|Any CPU
		{4E48A851-CE19-43A9-AAFB-F96BF2D8768A}.Debug|Any CPU.ActiveCfg = Debug|Any CPU
		{4E48A851-CE19-43A9-AAFB-F96BF2D8768A}.Debug|Any CPU.Build.0 = Debug|Any CPU
		{4E48A851-CE19-43A9-AAFB-F96BF2D8768A}.Release|Any CPU.ActiveCfg = Release|Any CPU
		{4E48A851-CE19-43A9-AAFB-F96BF2D8768A}.Release|Any CPU.Build.0 = Release|Any CPU
		{CDED1D7A-72FA-44F3-B55C-0D1430FF2E65}.Debug|Any CPU.ActiveCfg = Debug|Any CPU
		{CDED1D7A-72FA-44F3-B55C-0D1430FF2E65}.Debug|Any CPU.Build.0 = Debug|Any CPU
		{CDED1D7A-72FA-44F3-B55C-0D1430FF2E65}.Release|Any CPU.ActiveCfg = Release|Any CPU
		{CDED1D7A-72FA-44F3-B55C-0D1430FF2E65}.Release|Any CPU.Build.0 = Release|Any CPU
		{6DA398AC-CE70-450A-B3E4-C5F92EEE0B9E}.Debug|Any CPU.ActiveCfg = Debug|Any CPU
		{6DA398AC-CE70-450A-B3E4-C5F92EEE0B9E}.Debug|Any CPU.Build.0 = Debug|Any CPU
		{6DA398AC-CE70-450A-B3E4-C5F92EEE0B9E}.Release|Any CPU.ActiveCfg = Release|Any CPU
		{6DA398AC-CE70-450A-B3E4-C5F92EEE0B9E}.Release|Any CPU.Build.0 = Release|Any CPU
		{F737E36C-9A61-494F-A239-E5706A48BB9A}.Debug|Any CPU.ActiveCfg = Debug|Any CPU
		{F737E36C-9A61-494F-A239-E5706A48BB9A}.Debug|Any CPU.Build.0 = Debug|Any CPU
		{F737E36C-9A61-494F-A239-E5706A48BB9A}.Release|Any CPU.ActiveCfg = Release|Any CPU
		{F737E36C-9A61-494F-A239-E5706A48BB9A}.Release|Any CPU.Build.0 = Release|Any CPU
		{2A50370E-7B83-4339-AA06-D92686ABB14C}.Debug|Any CPU.ActiveCfg = Debug|Any CPU
		{2A50370E-7B83-4339-AA06-D92686ABB14C}.Debug|Any CPU.Build.0 = Debug|Any CPU
		{2A50370E-7B83-4339-AA06-D92686ABB14C}.Release|Any CPU.ActiveCfg = Release|Any CPU
		{2A50370E-7B83-4339-AA06-D92686ABB14C}.Release|Any CPU.Build.0 = Release|Any CPU
		{1CF8069B-D2FA-41D8-B359-13CF51E6EDBC}.Debug|Any CPU.ActiveCfg = Debug|Any CPU
		{1CF8069B-D2FA-41D8-B359-13CF51E6EDBC}.Debug|Any CPU.Build.0 = Debug|Any CPU
		{1CF8069B-D2FA-41D8-B359-13CF51E6EDBC}.Release|Any CPU.ActiveCfg = Release|Any CPU
		{1CF8069B-D2FA-41D8-B359-13CF51E6EDBC}.Release|Any CPU.Build.0 = Release|Any CPU
		{83077A72-8FEF-4809-B078-625E978C90B1}.Debug|Any CPU.ActiveCfg = Debug|Any CPU
		{83077A72-8FEF-4809-B078-625E978C90B1}.Debug|Any CPU.Build.0 = Debug|Any CPU
		{83077A72-8FEF-4809-B078-625E978C90B1}.Release|Any CPU.ActiveCfg = Release|Any CPU
		{83077A72-8FEF-4809-B078-625E978C90B1}.Release|Any CPU.Build.0 = Release|Any CPU
		{EC22993B-CA86-4E85-B0DE-D8EB3A5A182E}.Debug|Any CPU.ActiveCfg = Debug|Any CPU
		{EC22993B-CA86-4E85-B0DE-D8EB3A5A182E}.Debug|Any CPU.Build.0 = Debug|Any CPU
		{EC22993B-CA86-4E85-B0DE-D8EB3A5A182E}.Release|Any CPU.ActiveCfg = Release|Any CPU
		{EC22993B-CA86-4E85-B0DE-D8EB3A5A182E}.Release|Any CPU.Build.0 = Release|Any CPU
	EndGlobalSection
	GlobalSection(SolutionProperties) = preSolution
		HideSolutionNode = FALSE
	EndGlobalSection
	GlobalSection(ExtensibilityGlobals) = postSolution
		SolutionGuid = {349C78FF-848D-4F27-8D69-A8EDD9C55795}
	EndGlobalSection
EndGlobal
