
Microsoft Visual Studio Solution File, Format Version 12.00
# Visual Studio Version 17
VisualStudioVersion = 17.8.34316.72
MinimumVisualStudioVersion = 10.0.40219.1
Project("{9A19103F-16F7-4668-BE54-9A1E7A4F7556}") = "Ranking", "Ranking\Ranking.csproj", "{122015B3-2616-44A5-85D6-516ADCCB47ED}"
EndProject
Project("{9A19103F-16F7-4668-BE54-9A1E7A4F7556}") = "Judge", "Judge\Judge.csproj", "{0EE78525-5631-4AF3-B01D-87221492A3CB}"
EndProject
Project("{9A19103F-16F7-4668-BE54-9A1E7A4F7556}") = "MOBAChallenger", "MOBAChallenger\MOBAChallenger.csproj", "{44444238-4CFC-4BEC-BBC3-F502CC3E65B9}"
EndProject
Project("{9A19103F-16F7-4668-BE54-9A1E7A4F7556}") = "Snowwhite", "Snowwhite\Snowwhite.csproj", "{CDDE112D-7641-40DF-A82E-BE0CC7999DA7}"
EndProject
Project("{FAE04EC0-301F-11D3-BF4B-00C04F79EFBC}") = "DragonArmy", "DragonArmy\DragonArmy.csproj", "{5F8ABE63-3245-4330-BACD-CE7A669C0BE8}"
EndProject
Global
	GlobalSection(SolutionConfigurationPlatforms) = preSolution
		Debug|Any CPU = Debug|Any CPU
		Release|Any CPU = Release|Any CPU
	EndGlobalSection
	GlobalSection(ProjectConfigurationPlatforms) = postSolution
		{122015B3-2616-44A5-85D6-516ADCCB47ED}.Debug|Any CPU.ActiveCfg = Debug|Any CPU
		{122015B3-2616-44A5-85D6-516ADCCB47ED}.Debug|Any CPU.Build.0 = Debug|Any CPU
		{122015B3-2616-44A5-85D6-516ADCCB47ED}.Release|Any CPU.ActiveCfg = Release|Any CPU
		{122015B3-2616-44A5-85D6-516ADCCB47ED}.Release|Any CPU.Build.0 = Release|Any CPU
		{0EE78525-5631-4AF3-B01D-87221492A3CB}.Debug|Any CPU.ActiveCfg = Debug|Any CPU
		{0EE78525-5631-4AF3-B01D-87221492A3CB}.Debug|Any CPU.Build.0 = Debug|Any CPU
		{0EE78525-5631-4AF3-B01D-87221492A3CB}.Release|Any CPU.ActiveCfg = Release|Any CPU
		{0EE78525-5631-4AF3-B01D-87221492A3CB}.Release|Any CPU.Build.0 = Release|Any CPU
		{44444238-4CFC-4BEC-BBC3-F502CC3E65B9}.Debug|Any CPU.ActiveCfg = Debug|Any CPU
		{44444238-4CFC-4BEC-BBC3-F502CC3E65B9}.Debug|Any CPU.Build.0 = Debug|Any CPU
		{44444238-4CFC-4BEC-BBC3-F502CC3E65B9}.Release|Any CPU.ActiveCfg = Release|Any CPU
		{44444238-4CFC-4BEC-BBC3-F502CC3E65B9}.Release|Any CPU.Build.0 = Release|Any CPU
		{CDDE112D-7641-40DF-A82E-BE0CC7999DA7}.Debug|Any CPU.ActiveCfg = Debug|Any CPU
		{CDDE112D-7641-40DF-A82E-BE0CC7999DA7}.Debug|Any CPU.Build.0 = Debug|Any CPU
		{CDDE112D-7641-40DF-A82E-BE0CC7999DA7}.Release|Any CPU.ActiveCfg = Release|Any CPU
		{CDDE112D-7641-40DF-A82E-BE0CC7999DA7}.Release|Any CPU.Build.0 = Release|Any CPU
		{5F8ABE63-3245-4330-BACD-CE7A669C0BE8}.Debug|Any CPU.ActiveCfg = Debug|Any CPU
		{5F8ABE63-3245-4330-BACD-CE7A669C0BE8}.Debug|Any CPU.Build.0 = Debug|Any CPU
		{5F8ABE63-3245-4330-BACD-CE7A669C0BE8}.Release|Any CPU.ActiveCfg = Release|Any CPU
		{5F8ABE63-3245-4330-BACD-CE7A669C0BE8}.Release|Any CPU.Build.0 = Release|Any CPU
	EndGlobalSection
	GlobalSection(SolutionProperties) = preSolution
		HideSolutionNode = FALSE
	EndGlobalSection
	GlobalSection(ExtensibilityGlobals) = postSolution
		SolutionGuid = {A618774A-9A63-4BEB-A89E-8418B89422C9}
	EndGlobalSection
EndGlobal
