
Microsoft Visual Studio Solution File, Format Version 12.00
# Visual Studio Version 17
VisualStudioVersion = 17.7.34031.279
MinimumVisualStudioVersion = 10.0.40219.1
Project("{9A19103F-16F7-4668-BE54-9A1E7A4F7556}") = "Car", "Car\Car.csproj", "{DC612BB0-9D4A-4EF6-B618-F96BABD7DD9E}"
EndProject
Project("{FAE04EC0-301F-11D3-BF4B-00C04F79EFBC}") = "CarExtension", "CarExtension\CarExtension.csproj", "{8F3C58C2-D82D-4F58-8690-1F95D8CF1A49}"
EndProject
Project("{FAE04EC0-301F-11D3-BF4B-00C04F79EFBC}") = "CarConstructors", "CarConstructors\CarConstructors.csproj", "{D169D8A0-E880-4AE0-BE94-941A526DC7AE}"
EndProject
Project("{FAE04EC0-301F-11D3-BF4B-00C04F79EFBC}") = "CarEngineAndTires", "CarEngineAndTires\CarEngineAndTires.csproj", "{4BA690FE-EF99-4660-8C4D-00B3B92412E6}"
EndProject
Project("{FAE04EC0-301F-11D3-BF4B-00C04F79EFBC}") = "SpecialCars", "SpecialCars\SpecialCars.csproj", "{8995E63B-3382-466A-9299-342666229283}"
EndProject
Global
	GlobalSection(SolutionConfigurationPlatforms) = preSolution
		Debug|Any CPU = Debug|Any CPU
		Release|Any CPU = Release|Any CPU
	EndGlobalSection
	GlobalSection(ProjectConfigurationPlatforms) = postSolution
		{DC612BB0-9D4A-4EF6-B618-F96BABD7DD9E}.Debug|Any CPU.ActiveCfg = Debug|Any CPU
		{DC612BB0-9D4A-4EF6-B618-F96BABD7DD9E}.Debug|Any CPU.Build.0 = Debug|Any CPU
		{DC612BB0-9D4A-4EF6-B618-F96BABD7DD9E}.Release|Any CPU.ActiveCfg = Release|Any CPU
		{DC612BB0-9D4A-4EF6-B618-F96BABD7DD9E}.Release|Any CPU.Build.0 = Release|Any CPU
		{8F3C58C2-D82D-4F58-8690-1F95D8CF1A49}.Debug|Any CPU.ActiveCfg = Debug|Any CPU
		{8F3C58C2-D82D-4F58-8690-1F95D8CF1A49}.Debug|Any CPU.Build.0 = Debug|Any CPU
		{8F3C58C2-D82D-4F58-8690-1F95D8CF1A49}.Release|Any CPU.ActiveCfg = Release|Any CPU
		{8F3C58C2-D82D-4F58-8690-1F95D8CF1A49}.Release|Any CPU.Build.0 = Release|Any CPU
		{D169D8A0-E880-4AE0-BE94-941A526DC7AE}.Debug|Any CPU.ActiveCfg = Debug|Any CPU
		{D169D8A0-E880-4AE0-BE94-941A526DC7AE}.Debug|Any CPU.Build.0 = Debug|Any CPU
		{D169D8A0-E880-4AE0-BE94-941A526DC7AE}.Release|Any CPU.ActiveCfg = Release|Any CPU
		{D169D8A0-E880-4AE0-BE94-941A526DC7AE}.Release|Any CPU.Build.0 = Release|Any CPU
		{4BA690FE-EF99-4660-8C4D-00B3B92412E6}.Debug|Any CPU.ActiveCfg = Debug|Any CPU
		{4BA690FE-EF99-4660-8C4D-00B3B92412E6}.Debug|Any CPU.Build.0 = Debug|Any CPU
		{4BA690FE-EF99-4660-8C4D-00B3B92412E6}.Release|Any CPU.ActiveCfg = Release|Any CPU
		{4BA690FE-EF99-4660-8C4D-00B3B92412E6}.Release|Any CPU.Build.0 = Release|Any CPU
		{8995E63B-3382-466A-9299-342666229283}.Debug|Any CPU.ActiveCfg = Debug|Any CPU
		{8995E63B-3382-466A-9299-342666229283}.Debug|Any CPU.Build.0 = Debug|Any CPU
		{8995E63B-3382-466A-9299-342666229283}.Release|Any CPU.ActiveCfg = Release|Any CPU
		{8995E63B-3382-466A-9299-342666229283}.Release|Any CPU.Build.0 = Release|Any CPU
	EndGlobalSection
	GlobalSection(SolutionProperties) = preSolution
		HideSolutionNode = FALSE
	EndGlobalSection
	GlobalSection(ExtensibilityGlobals) = postSolution
		SolutionGuid = {13A945A2-5618-4A1D-B4D1-7049CDD6FEEB}
	EndGlobalSection
EndGlobal
