
Microsoft Visual Studio Solution File, Format Version 12.00
# Visual Studio Version 17
VisualStudioVersion = 17.8.34316.72
MinimumVisualStudioVersion = 10.0.40219.1
Project("{9A19103F-16F7-4668-BE54-9A1E7A4F7556}") = "Train", "Train\Train.csproj", "{F4862B4D-6BD2-4124-95E2-016F9C7511A1}"
EndProject
Project("{9A19103F-16F7-4668-BE54-9A1E7A4F7556}") = "ChangeList", "ChangeList\ChangeList.csproj", "{E6D5AD00-0A85-4D4B-9ECA-CA19D726D61C}"
EndProject
Project("{9A19103F-16F7-4668-BE54-9A1E7A4F7556}") = "HouseParty", "HouseParty\HouseParty.csproj", "{C19651AD-4D6E-41E8-874F-6A68DEDEF7EF}"
EndProject
Project("{9A19103F-16F7-4668-BE54-9A1E7A4F7556}") = "ListOperations", "ListOperations\ListOperations.csproj", "{9020D1A2-546B-4796-A270-D8CCA0739A38}"
EndProject
Project("{9A19103F-16F7-4668-BE54-9A1E7A4F7556}") = "BombNumbers", "BombNumbers\BombNumbers.csproj", "{63CD9BBD-D317-44D1-88DE-C2EEBCBEFD62}"
EndProject
Project("{9A19103F-16F7-4668-BE54-9A1E7A4F7556}") = "CardsGame", "CardsGame\CardsGame.csproj", "{16F95B3D-E8CE-4F57-99B1-388550F62D71}"
EndProject
Project("{9A19103F-16F7-4668-BE54-9A1E7A4F7556}") = "AppendArrays", "AppendArrays\AppendArrays.csproj", "{821B41C3-040D-4C3E-B87B-904B5D06AECB}"
EndProject
Project("{9A19103F-16F7-4668-BE54-9A1E7A4F7556}") = "AnonymousThreat", "AnonymousThreat\AnonymousThreat.csproj", "{2583E6D2-42E2-43FD-8CF2-C55549FD8D0E}"
EndProject
Project("{FAE04EC0-301F-11D3-BF4B-00C04F79EFBC}") = "PokemonDontGo", "PokemonDontGo\PokemonDontGo.csproj", "{22AE652F-9824-4F0D-BA49-613DD7A47301}"
EndProject
Project("{FAE04EC0-301F-11D3-BF4B-00C04F79EFBC}") = "SoftUniCoursePlanning", "SoftUniCoursePlanning\SoftUniCoursePlanning.csproj", "{14AA5C37-416C-4025-B6CB-B967536CA5A9}"
EndProject
Global
	GlobalSection(SolutionConfigurationPlatforms) = preSolution
		Debug|Any CPU = Debug|Any CPU
		Release|Any CPU = Release|Any CPU
	EndGlobalSection
	GlobalSection(ProjectConfigurationPlatforms) = postSolution
		{F4862B4D-6BD2-4124-95E2-016F9C7511A1}.Debug|Any CPU.ActiveCfg = Debug|Any CPU
		{F4862B4D-6BD2-4124-95E2-016F9C7511A1}.Debug|Any CPU.Build.0 = Debug|Any CPU
		{F4862B4D-6BD2-4124-95E2-016F9C7511A1}.Release|Any CPU.ActiveCfg = Release|Any CPU
		{F4862B4D-6BD2-4124-95E2-016F9C7511A1}.Release|Any CPU.Build.0 = Release|Any CPU
		{E6D5AD00-0A85-4D4B-9ECA-CA19D726D61C}.Debug|Any CPU.ActiveCfg = Debug|Any CPU
		{E6D5AD00-0A85-4D4B-9ECA-CA19D726D61C}.Debug|Any CPU.Build.0 = Debug|Any CPU
		{E6D5AD00-0A85-4D4B-9ECA-CA19D726D61C}.Release|Any CPU.ActiveCfg = Release|Any CPU
		{E6D5AD00-0A85-4D4B-9ECA-CA19D726D61C}.Release|Any CPU.Build.0 = Release|Any CPU
		{C19651AD-4D6E-41E8-874F-6A68DEDEF7EF}.Debug|Any CPU.ActiveCfg = Debug|Any CPU
		{C19651AD-4D6E-41E8-874F-6A68DEDEF7EF}.Debug|Any CPU.Build.0 = Debug|Any CPU
		{C19651AD-4D6E-41E8-874F-6A68DEDEF7EF}.Release|Any CPU.ActiveCfg = Release|Any CPU
		{C19651AD-4D6E-41E8-874F-6A68DEDEF7EF}.Release|Any CPU.Build.0 = Release|Any CPU
		{9020D1A2-546B-4796-A270-D8CCA0739A38}.Debug|Any CPU.ActiveCfg = Debug|Any CPU
		{9020D1A2-546B-4796-A270-D8CCA0739A38}.Debug|Any CPU.Build.0 = Debug|Any CPU
		{9020D1A2-546B-4796-A270-D8CCA0739A38}.Release|Any CPU.ActiveCfg = Release|Any CPU
		{9020D1A2-546B-4796-A270-D8CCA0739A38}.Release|Any CPU.Build.0 = Release|Any CPU
		{63CD9BBD-D317-44D1-88DE-C2EEBCBEFD62}.Debug|Any CPU.ActiveCfg = Debug|Any CPU
		{63CD9BBD-D317-44D1-88DE-C2EEBCBEFD62}.Debug|Any CPU.Build.0 = Debug|Any CPU
		{63CD9BBD-D317-44D1-88DE-C2EEBCBEFD62}.Release|Any CPU.ActiveCfg = Release|Any CPU
		{63CD9BBD-D317-44D1-88DE-C2EEBCBEFD62}.Release|Any CPU.Build.0 = Release|Any CPU
		{16F95B3D-E8CE-4F57-99B1-388550F62D71}.Debug|Any CPU.ActiveCfg = Debug|Any CPU
		{16F95B3D-E8CE-4F57-99B1-388550F62D71}.Debug|Any CPU.Build.0 = Debug|Any CPU
		{16F95B3D-E8CE-4F57-99B1-388550F62D71}.Release|Any CPU.ActiveCfg = Release|Any CPU
		{16F95B3D-E8CE-4F57-99B1-388550F62D71}.Release|Any CPU.Build.0 = Release|Any CPU
		{821B41C3-040D-4C3E-B87B-904B5D06AECB}.Debug|Any CPU.ActiveCfg = Debug|Any CPU
		{821B41C3-040D-4C3E-B87B-904B5D06AECB}.Debug|Any CPU.Build.0 = Debug|Any CPU
		{821B41C3-040D-4C3E-B87B-904B5D06AECB}.Release|Any CPU.ActiveCfg = Release|Any CPU
		{821B41C3-040D-4C3E-B87B-904B5D06AECB}.Release|Any CPU.Build.0 = Release|Any CPU
		{2583E6D2-42E2-43FD-8CF2-C55549FD8D0E}.Debug|Any CPU.ActiveCfg = Debug|Any CPU
		{2583E6D2-42E2-43FD-8CF2-C55549FD8D0E}.Debug|Any CPU.Build.0 = Debug|Any CPU
		{2583E6D2-42E2-43FD-8CF2-C55549FD8D0E}.Release|Any CPU.ActiveCfg = Release|Any CPU
		{2583E6D2-42E2-43FD-8CF2-C55549FD8D0E}.Release|Any CPU.Build.0 = Release|Any CPU
		{22AE652F-9824-4F0D-BA49-613DD7A47301}.Debug|Any CPU.ActiveCfg = Debug|Any CPU
		{22AE652F-9824-4F0D-BA49-613DD7A47301}.Debug|Any CPU.Build.0 = Debug|Any CPU
		{22AE652F-9824-4F0D-BA49-613DD7A47301}.Release|Any CPU.ActiveCfg = Release|Any CPU
		{22AE652F-9824-4F0D-BA49-613DD7A47301}.Release|Any CPU.Build.0 = Release|Any CPU
		{14AA5C37-416C-4025-B6CB-B967536CA5A9}.Debug|Any CPU.ActiveCfg = Debug|Any CPU
		{14AA5C37-416C-4025-B6CB-B967536CA5A9}.Debug|Any CPU.Build.0 = Debug|Any CPU
		{14AA5C37-416C-4025-B6CB-B967536CA5A9}.Release|Any CPU.ActiveCfg = Release|Any CPU
		{14AA5C37-416C-4025-B6CB-B967536CA5A9}.Release|Any CPU.Build.0 = Release|Any CPU
	EndGlobalSection
	GlobalSection(SolutionProperties) = preSolution
		HideSolutionNode = FALSE
	EndGlobalSection
	GlobalSection(ExtensibilityGlobals) = postSolution
		SolutionGuid = {4B0EA89F-9748-46FD-8C97-E14B79720EA9}
	EndGlobalSection
EndGlobal
