
Microsoft Visual Studio Solution File, Format Version 12.00
# Visual Studio Version 17
VisualStudioVersion = 17.7.34031.279
MinimumVisualStudioVersion = 10.0.40219.1
Project("{FAE04EC0-301F-11D3-BF4B-00C04F79EFBC}") = "ListyIterator", "ListyIterator\ListyIterator.csproj", "{4B30396D-61E6-4F36-B1F9-CB1EE4EA8C84}"
EndProject
Global
	GlobalSection(SolutionConfigurationPlatforms) = preSolution
		Debug|Any CPU = Debug|Any CPU
		Release|Any CPU = Release|Any CPU
	EndGlobalSection
	GlobalSection(ProjectConfigurationPlatforms) = postSolution
		{4B30396D-61E6-4F36-B1F9-CB1EE4EA8C84}.Debug|Any CPU.ActiveCfg = Debug|Any CPU
		{4B30396D-61E6-4F36-B1F9-CB1EE4EA8C84}.Debug|Any CPU.Build.0 = Debug|Any CPU
		{4B30396D-61E6-4F36-B1F9-CB1EE4EA8C84}.Release|Any CPU.ActiveCfg = Release|Any CPU
		{4B30396D-61E6-4F36-B1F9-CB1EE4EA8C84}.Release|Any CPU.Build.0 = Release|Any CPU
	EndGlobalSection
	GlobalSection(SolutionProperties) = preSolution
		HideSolutionNode = FALSE
	EndGlobalSection
	GlobalSection(ExtensibilityGlobals) = postSolution
		SolutionGuid = {3CE18800-BA53-41F2-8D70-2960B4896F0D}
	EndGlobalSection
EndGlobal
