
Microsoft Visual Studio Solution File, Format Version 12.00
# Visual Studio Version 17
VisualStudioVersion = 17.7.34031.279
MinimumVisualStudioVersion = 10.0.40219.1
Project("{9A19103F-16F7-4668-BE54-9A1E7A4F7556}") = "ConvertMeterstoKilometers", "ConvertMeterstoKilometers\ConvertMeterstoKilometers.csproj", "{211C5C77-DDDE-405D-80E2-8EA7EE1ABEBE}"
EndProject
Project("{9A19103F-16F7-4668-BE54-9A1E7A4F7556}") = "PoundstoDollars", "PoundstoDollars\PoundstoDollars.csproj", "{5A943DC9-8EBF-4AF4-95D6-D5B9730CD559}"
EndProject
Project("{9A19103F-16F7-4668-BE54-9A1E7A4F7556}") = "ExactSumofRealNumbers", "ExactSumofRealNumbers\ExactSumofRealNumbers.csproj", "{E2690C07-6B3A-4D20-A747-E6F14C2EBBD3}"
EndProject
Project("{9A19103F-16F7-4668-BE54-9A1E7A4F7556}") = "CenturiestoMinutes", "CenturiestoMinutes\CenturiestoMinutes.csproj", "{C6082624-07D1-4740-990B-3ABC72D57A94}"
EndProject
Project("{9A19103F-16F7-4668-BE54-9A1E7A4F7556}") = "SpecialNumbers", "SpecialNumbers\SpecialNumbers.csproj", "{AFBBEE69-D2EB-45BF-A6AB-C9DC59EF6F9E}"
EndProject
Project("{9A19103F-16F7-4668-BE54-9A1E7A4F7556}") = "ReversedChars", "ReversedChars\ReversedChars.csproj", "{0660AEC8-692C-40FA-9348-B8A27586CD80}"
EndProject
Project("{9A19103F-16F7-4668-BE54-9A1E7A4F7556}") = "ConcatNames", "ConcatNames\ConcatNames.csproj", "{0C39F431-DEB4-4300-900F-B08E0AD73BDF}"
EndProject
Project("{9A19103F-16F7-4668-BE54-9A1E7A4F7556}") = "TownInfo", "TownInfo\TownInfo.csproj", "{498E0BFD-ED1E-4B31-9C4D-64BF230ADA9C}"
EndProject
Project("{9A19103F-16F7-4668-BE54-9A1E7A4F7556}") = "CharstoString", "CharstoString\CharstoString.csproj", "{7ED32E30-67B8-4480-9208-E8C0750C8448}"
EndProject
Project("{9A19103F-16F7-4668-BE54-9A1E7A4F7556}") = "LowerorUpper", "LowerorUpper\LowerorUpper.csproj", "{FB976C65-CF4B-4179-BC8B-976068BF73C7}"
EndProject
Project("{9A19103F-16F7-4668-BE54-9A1E7A4F7556}") = "RefactorVolumeofPyramid", "RefactorVolumeofPyramid\RefactorVolumeofPyramid.csproj", "{97A50F5C-769F-4E41-9AC5-870E0A2D63FD}"
EndProject
Project("{FAE04EC0-301F-11D3-BF4B-00C04F79EFBC}") = "RefactorSpecialNumbers", "RefactorSpecialNumbers\RefactorSpecialNumbers.csproj", "{B1260A59-FCD1-4C76-BC44-6C3D29371EA8}"
EndProject
Global
	GlobalSection(SolutionConfigurationPlatforms) = preSolution
		Debug|Any CPU = Debug|Any CPU
		Release|Any CPU = Release|Any CPU
	EndGlobalSection
	GlobalSection(ProjectConfigurationPlatforms) = postSolution
		{211C5C77-DDDE-405D-80E2-8EA7EE1ABEBE}.Debug|Any CPU.ActiveCfg = Debug|Any CPU
		{211C5C77-DDDE-405D-80E2-8EA7EE1ABEBE}.Debug|Any CPU.Build.0 = Debug|Any CPU
		{211C5C77-DDDE-405D-80E2-8EA7EE1ABEBE}.Release|Any CPU.ActiveCfg = Release|Any CPU
		{211C5C77-DDDE-405D-80E2-8EA7EE1ABEBE}.Release|Any CPU.Build.0 = Release|Any CPU
		{5A943DC9-8EBF-4AF4-95D6-D5B9730CD559}.Debug|Any CPU.ActiveCfg = Debug|Any CPU
		{5A943DC9-8EBF-4AF4-95D6-D5B9730CD559}.Debug|Any CPU.Build.0 = Debug|Any CPU
		{5A943DC9-8EBF-4AF4-95D6-D5B9730CD559}.Release|Any CPU.ActiveCfg = Release|Any CPU
		{5A943DC9-8EBF-4AF4-95D6-D5B9730CD559}.Release|Any CPU.Build.0 = Release|Any CPU
		{E2690C07-6B3A-4D20-A747-E6F14C2EBBD3}.Debug|Any CPU.ActiveCfg = Debug|Any CPU
		{E2690C07-6B3A-4D20-A747-E6F14C2EBBD3}.Debug|Any CPU.Build.0 = Debug|Any CPU
		{E2690C07-6B3A-4D20-A747-E6F14C2EBBD3}.Release|Any CPU.ActiveCfg = Release|Any CPU
		{E2690C07-6B3A-4D20-A747-E6F14C2EBBD3}.Release|Any CPU.Build.0 = Release|Any CPU
		{C6082624-07D1-4740-990B-3ABC72D57A94}.Debug|Any CPU.ActiveCfg = Debug|Any CPU
		{C6082624-07D1-4740-990B-3ABC72D57A94}.Debug|Any CPU.Build.0 = Debug|Any CPU
		{C6082624-07D1-4740-990B-3ABC72D57A94}.Release|Any CPU.ActiveCfg = Release|Any CPU
		{C6082624-07D1-4740-990B-3ABC72D57A94}.Release|Any CPU.Build.0 = Release|Any CPU
		{AFBBEE69-D2EB-45BF-A6AB-C9DC59EF6F9E}.Debug|Any CPU.ActiveCfg = Debug|Any CPU
		{AFBBEE69-D2EB-45BF-A6AB-C9DC59EF6F9E}.Debug|Any CPU.Build.0 = Debug|Any CPU
		{AFBBEE69-D2EB-45BF-A6AB-C9DC59EF6F9E}.Release|Any CPU.ActiveCfg = Release|Any CPU
		{AFBBEE69-D2EB-45BF-A6AB-C9DC59EF6F9E}.Release|Any CPU.Build.0 = Release|Any CPU
		{0660AEC8-692C-40FA-9348-B8A27586CD80}.Debug|Any CPU.ActiveCfg = Debug|Any CPU
		{0660AEC8-692C-40FA-9348-B8A27586CD80}.Debug|Any CPU.Build.0 = Debug|Any CPU
		{0660AEC8-692C-40FA-9348-B8A27586CD80}.Release|Any CPU.ActiveCfg = Release|Any CPU
		{0660AEC8-692C-40FA-9348-B8A27586CD80}.Release|Any CPU.Build.0 = Release|Any CPU
		{0C39F431-DEB4-4300-900F-B08E0AD73BDF}.Debug|Any CPU.ActiveCfg = Debug|Any CPU
		{0C39F431-DEB4-4300-900F-B08E0AD73BDF}.Debug|Any CPU.Build.0 = Debug|Any CPU
		{0C39F431-DEB4-4300-900F-B08E0AD73BDF}.Release|Any CPU.ActiveCfg = Release|Any CPU
		{0C39F431-DEB4-4300-900F-B08E0AD73BDF}.Release|Any CPU.Build.0 = Release|Any CPU
		{498E0BFD-ED1E-4B31-9C4D-64BF230ADA9C}.Debug|Any CPU.ActiveCfg = Debug|Any CPU
		{498E0BFD-ED1E-4B31-9C4D-64BF230ADA9C}.Debug|Any CPU.Build.0 = Debug|Any CPU
		{498E0BFD-ED1E-4B31-9C4D-64BF230ADA9C}.Release|Any CPU.ActiveCfg = Release|Any CPU
		{498E0BFD-ED1E-4B31-9C4D-64BF230ADA9C}.Release|Any CPU.Build.0 = Release|Any CPU
		{7ED32E30-67B8-4480-9208-E8C0750C8448}.Debug|Any CPU.ActiveCfg = Debug|Any CPU
		{7ED32E30-67B8-4480-9208-E8C0750C8448}.Debug|Any CPU.Build.0 = Debug|Any CPU
		{7ED32E30-67B8-4480-9208-E8C0750C8448}.Release|Any CPU.ActiveCfg = Release|Any CPU
		{7ED32E30-67B8-4480-9208-E8C0750C8448}.Release|Any CPU.Build.0 = Release|Any CPU
		{FB976C65-CF4B-4179-BC8B-976068BF73C7}.Debug|Any CPU.ActiveCfg = Debug|Any CPU
		{FB976C65-CF4B-4179-BC8B-976068BF73C7}.Debug|Any CPU.Build.0 = Debug|Any CPU
		{FB976C65-CF4B-4179-BC8B-976068BF73C7}.Release|Any CPU.ActiveCfg = Release|Any CPU
		{FB976C65-CF4B-4179-BC8B-976068BF73C7}.Release|Any CPU.Build.0 = Release|Any CPU
		{97A50F5C-769F-4E41-9AC5-870E0A2D63FD}.Debug|Any CPU.ActiveCfg = Debug|Any CPU
		{97A50F5C-769F-4E41-9AC5-870E0A2D63FD}.Debug|Any CPU.Build.0 = Debug|Any CPU
		{97A50F5C-769F-4E41-9AC5-870E0A2D63FD}.Release|Any CPU.ActiveCfg = Release|Any CPU
		{97A50F5C-769F-4E41-9AC5-870E0A2D63FD}.Release|Any CPU.Build.0 = Release|Any CPU
		{B1260A59-FCD1-4C76-BC44-6C3D29371EA8}.Debug|Any CPU.ActiveCfg = Debug|Any CPU
		{B1260A59-FCD1-4C76-BC44-6C3D29371EA8}.Debug|Any CPU.Build.0 = Debug|Any CPU
		{B1260A59-FCD1-4C76-BC44-6C3D29371EA8}.Release|Any CPU.ActiveCfg = Release|Any CPU
		{B1260A59-FCD1-4C76-BC44-6C3D29371EA8}.Release|Any CPU.Build.0 = Release|Any CPU
	EndGlobalSection
	GlobalSection(SolutionProperties) = preSolution
		HideSolutionNode = FALSE
	EndGlobalSection
	GlobalSection(ExtensibilityGlobals) = postSolution
		SolutionGuid = {3CC3F793-903B-4A10-B20E-05D648A0DBAD}
	EndGlobalSection
EndGlobal
